<?xml version="1.0" encoding="utf-8"?>
<Project ToolsVersion="4.0" xmlns="http://schemas.microsoft.com/developer/msbuild/2003">
  <ItemGroup>
    <Filter Include="Common">
      <UniqueIdentifier>ced9a25b-ec27-4c7f-989f-e5d1851f0236</UniqueIdentifier>
    </Filter>
    <Filter Include="Assets">
      <UniqueIdentifier>f3f6cb2e-2e85-4755-9bfa-389681d4ef83</UniqueIdentifier>
      <Extensions>bmp;fbx;gif;jpg;jpeg;tga;tiff;tif;png</Extensions>
    </Filter>
    <Filter Include="Content">
      <UniqueIdentifier>7c8dcdc2-7c7e-4acc-b16e-76cb64ac17cf</UniqueIdentifier>
    </Filter>
    <Image Include="Assets\Logo.png">
      <Filter>Assets</Filter>
    </Image>
    <Image Include="Assets\SmallLogo.png">
      <Filter>Assets</Filter>
    </Image>
    <Image Include="Assets\StoreLogo.png">
      <Filter>Assets</Filter>
    </Image>
    <Image Include="Assets\SplashScreen.png">
      <Filter>Assets</Filter>
    </Image>
    <Filter Include="Windowing">
      <UniqueIdentifier>{5e4f4a55-e200-4fcf-913a-b373523a8aef}</UniqueIdentifier>
    </Filter>
    <Filter Include="Game">
      <UniqueIdentifier>{3e0e215a-a90c-430d-8af1-37743f08bb36}</UniqueIdentifier>
    </Filter>
    <Filter Include="Shaders">
      <UniqueIdentifier>{7b0fc3ae-1b4e-49a7-9de1-a15e1645fc2d}</UniqueIdentifier>
    </Filter>
  </ItemGroup>
  <ItemGroup>
    <ClCompile Include="pch.cpp" />
    <ClCompile Include="App.cpp">
      <Filter>Windowing</Filter>
    </ClCompile>
    <ClCompile Include="App_source.cpp">
      <Filter>Windowing</Filter>
    </ClCompile>
    <ClCompile Include="main.cpp" />
    <ClCompile Include="Game.cpp">
      <Filter>Game</Filter>
    </ClCompile>
    <ClCompile Include="Random.cpp">
      <Filter>Game</Filter>
    </ClCompile>
    <ClCompile Include="Particle.cpp">
      <Filter>Game</Filter>
    </ClCompile>
    <ClCompile Include="Particle_pool.cpp">
      <Filter>Game</Filter>
    </ClCompile>
  </ItemGroup>
  <ItemGroup>
    <ClInclude Include="pch.h" />
    <ClInclude Include="App.h">
      <Filter>Windowing</Filter>
    </ClInclude>
    <ClInclude Include="App_source.h">
      <Filter>Windowing</Filter>
    </ClInclude>
    <ClInclude Include="Game.h">
      <Filter>Game</Filter>
    </ClInclude>
    <ClInclude Include="Vertex.h">
      <Filter>Game</Filter>
    </ClInclude>
    <ClInclude Include="Random.h">
      <Filter>Game</Filter>
    </ClInclude>
    <ClInclude Include="Particle.h">
      <Filter>Game</Filter>
    </ClInclude>
    <ClInclude Include="Particle_pool.h">
      <Filter>Game</Filter>
    </ClInclude>
  </ItemGroup>
  <ItemGroup>
    <AppxManifest Include="Package.appxmanifest" />
  </ItemGroup>
  <ItemGroup>
    <None Include="EM_TemporaryKey.pfx" />
    <None Include="Assets\SplashScreen.xcf">
      <Filter>Assets</Filter>
    </None>
  </ItemGroup>
  <ItemGroup>
    <FxCompile Include="VertexShader.hlsl">
      <Filter>Shaders</Filter>
    </FxCompile>
    <FxCompile Include="PixelShader.hlsl">
      <Filter>Shaders</Filter>
    </FxCompile>
  </ItemGroup>
</Project>